
Microsoft Visual Studio Solution File, Format Version 12.00
# Visual Studio 14
VisualStudioVersion = 14.0.25420.1
MinimumVisualStudioVersion = 10.0.40219.1
Project("{8BC9CEB8-8B4A-11D0-8D11-00A0C91BC942}") = "FewDevicesPairingConsole", "Console\FewDevicesPairingConsole.vcxproj", "{9FF871C9-3D54-42A8-8601-70E393AD5C3F}"
EndProject
Project("{8BC9CEB8-8B4A-11D0-8D11-00A0C91BC942}") = "FewDevicesPairingMfc", "Mfc\FewDevicesPairingMfc.vcxproj", "{28F9D633-9B12-4C1C-987C-A71F245435D0}"
EndProject
Global
	GlobalSection(SolutionConfigurationPlatforms) = preSolution
		Release|x86 = Release|x86
	EndGlobalSection
	GlobalSection(ProjectConfigurationPlatforms) = postSolution
		{9FF871C9-3D54-42A8-8601-70E393AD5C3F}.Release|x86.ActiveCfg = Release|Win32
		{9FF871C9-3D54-42A8-8601-70E393AD5C3F}.Release|x86.Build.0 = Release|Win32
		{28F9D633-9B12-4C1C-987C-A71F245435D0}.Release|x86.ActiveCfg = Release|Win32
		{28F9D633-9B12-4C1C-987C-A71F245435D0}.Release|x86.Build.0 = Release|Win32
	EndGlobalSection
	GlobalSection(SolutionProperties) = preSolution
		HideSolutionNode = FALSE
	EndGlobalSection
EndGlobal
